
Microsoft Visual Studio Solution File, Format Version 12.00
# Visual Studio Version 17
VisualStudioVersion = 17.0.31903.59
MinimumVisualStudioVersion = 10.0.40219.1
Project("{FAE04EC0-301F-11D3-BF4B-00C04F79EFBC}") = "EncryptionBugDemo", "EncryptionBugDemo\EncryptionBugDemo.csproj", "{CF32C4D3-9508-4357-9B91-4BE20D2551AE}"
EndProject
Global
	GlobalSection(SolutionConfigurationPlatforms) = preSolution
		Debug|Any CPU = Debug|Any CPU
		Release|Any CPU = Release|Any CPU
	EndGlobalSection
	GlobalSection(ProjectConfigurationPlatforms) = postSolution
		{CF32C4D3-9508-4357-9B91-4BE20D2551AE}.Debug|Any CPU.ActiveCfg = Debug|Any CPU
		{CF32C4D3-9508-4357-9B91-4BE20D2551AE}.Debug|Any CPU.Build.0 = Debug|Any CPU
		{CF32C4D3-9508-4357-9B91-4BE20D2551AE}.Release|Any CPU.ActiveCfg = Release|Any CPU
		{CF32C4D3-9508-4357-9B91-4BE20D2551AE}.Release|Any CPU.Build.0 = Release|Any CPU
	EndGlobalSection
	GlobalSection(SolutionProperties) = preSolution
		HideSolutionNode = FALSE
	EndGlobalSection
	GlobalSection(ExtensibilityGlobals) = postSolution
		SolutionGuid = {EAD65ED4-271B-4632-BE14-5CCFA61CFEB5}
	EndGlobalSection
EndGlobal
